
Microsoft Visual Studio Solution File, Format Version 12.00
# Visual Studio Version 17
VisualStudioVersion = 17.3.32819.101
MinimumVisualStudioVersion = 10.0.40219.1
Project("{FAE04EC0-301F-11D3-BF4B-00C04F79EFBC}") = "NHA_CreateShortcut", "NHA_CreateShortcut\NHA_CreateShortcut.csproj", "{8E28255D-4FC9-4707-A6C0-B637914E215D}"
EndProject
Project("{FAE04EC0-301F-11D3-BF4B-00C04F79EFBC}") = "NHA_OpenShortcut", "NHA_OpenShortcut\NHA_OpenShortcut.csproj", "{B05ED16E-ED4C-42C7-98A9-9ECCBD6DD8B5}"
EndProject
Global
	GlobalSection(SolutionConfigurationPlatforms) = preSolution
		Debug|Any CPU = Debug|Any CPU
		Release|Any CPU = Release|Any CPU
	EndGlobalSection
	GlobalSection(ProjectConfigurationPlatforms) = postSolution
		{8E28255D-4FC9-4707-A6C0-B637914E215D}.Debug|Any CPU.ActiveCfg = Debug|Any CPU
		{8E28255D-4FC9-4707-A6C0-B637914E215D}.Debug|Any CPU.Build.0 = Debug|Any CPU
		{8E28255D-4FC9-4707-A6C0-B637914E215D}.Release|Any CPU.ActiveCfg = Release|Any CPU
		{8E28255D-4FC9-4707-A6C0-B637914E215D}.Release|Any CPU.Build.0 = Release|Any CPU
		{B05ED16E-ED4C-42C7-98A9-9ECCBD6DD8B5}.Debug|Any CPU.ActiveCfg = Debug|Any CPU
		{B05ED16E-ED4C-42C7-98A9-9ECCBD6DD8B5}.Debug|Any CPU.Build.0 = Debug|Any CPU
		{B05ED16E-ED4C-42C7-98A9-9ECCBD6DD8B5}.Release|Any CPU.ActiveCfg = Release|Any CPU
		{B05ED16E-ED4C-42C7-98A9-9ECCBD6DD8B5}.Release|Any CPU.Build.0 = Release|Any CPU
	EndGlobalSection
	GlobalSection(SolutionProperties) = preSolution
		HideSolutionNode = FALSE
	EndGlobalSection
	GlobalSection(ExtensibilityGlobals) = postSolution
		SolutionGuid = {8C50F506-D919-4AD2-A0CD-E077C488730F}
	EndGlobalSection
EndGlobal
